PODS:
  - FlatUIKit (1.4)
  - FUIVerticalTabBarController (1.0.3):
    - FlatUIKit (~> 1.2)

DEPENDENCIES:
  - FUIVerticalTabBarController (~> 1.0.3)

SPEC CHECKSUMS:
  FlatUIKit: edc1ed0c130687dc64a10e45851cc58925f6893d
  FUIVerticalTabBarController: 386ae278ac9d19fad956f1d2321901703fefe5f5

COCOAPODS: 0.33.1
